<?xml version="1.0" encoding="utf-8"?>
<Project ToolsVersion="4.0" xmlns="http://schemas.microsoft.com/developer/msbuild/2003">
  <ItemGroup>
    <Filter Include="Core">
      <UniqueIdentifier>{4FC737F1-C7A5-4376-A066-2A32D752A2FF}</UniqueIdentifier>
    </Filter>
    <Filter Include="Config">
      <UniqueIdentifier>{93995380-89BD-4b04-88EB-625FBE52EBFB}</UniqueIdentifier>
    </Filter>
    <Filter Include="Hooks">
      <UniqueIdentifier>{A2D9B7A0-8A4F-4A2F-9B2E-1C5E9B0C6F2E}</UniqueIdentifier>
    </Filter>
    <Filter Include="Patterns">
      <UniqueIdentifier>{3D4E7C8F-5A6B-4C8D-9E1F-2B3C4D5E6F7A}</UniqueIdentifier>
    </Filter>
    <Filter Include="PillarSuppress">
      <UniqueIdentifier>{8E2F3A4B-5C6D-4E7F-8A9B-0C1D2E3F4A5B}</UniqueIdentifier>
    </Filter>
    <Filter Include="PickupSuppress">
      <UniqueIdentifier>{9F3A4B5C-6D7E-4F8A-9B0C-1D2E3F4A5B6C}</UniqueIdentifier>
    </Filter>
    <Filter Include="Scanner">
      <UniqueIdentifier>{1A2B3C4D-5E6F-4A7B-8C9D-0E1F2A3B4C5D}</UniqueIdentifier>
    </Filter>
  </ItemGroup>
  <ItemGroup>
    <ClInclude Include="Core\framework.h">
      <Filter>Core</Filter>
    </ClInclude>
    <ClInclude Include="Core\pch.h">
      <Filter>Core</Filter>
    </ClInclude>
    <ClInclude Include="Core\Memory.h">
      <Filter>Core</Filter>
    </ClInclude>
    <ClInclude Include="Core\Logger.h">
      <Filter>Core</Filter>
    </ClInclude>
    <ClInclude Include="Core\Stealth.h">
      <Filter>Core</Filter>
    </ClInclude>
    <ClInclude Include="Config\Config.h">
      <Filter>Config</Filter>
    </ClInclude>
    <ClInclude Include="Hooks\Hooks.h">
      <Filter>Hooks</Filter>
    </ClInclude>
    <ClInclude Include="Patterns\Patterns.h">
      <Filter>Patterns</Filter>
    </ClInclude>
    <ClInclude Include="PillarSuppress\PillarSuppress.h">
      <Filter>PillarSuppress</Filter>
    </ClInclude>
    <ClInclude Include="PickupSuppress\PickupSuppress.h">
      <Filter>PickupSuppress</Filter>
    </ClInclude>
    <ClInclude Include="Scanner\Scanner.h">
      <Filter>Scanner</Filter>
    </ClInclude>
  </ItemGroup>
  <ItemGroup>
    <ClCompile Include="Core\dllmain.cpp">
      <Filter>Core</Filter>
    </ClCompile>
    <ClCompile Include="Core\Stealth.cpp">
      <Filter>Core</Filter>
    </ClCompile>
    <ClCompile Include="Core\pch.cpp">
      <Filter>Core</Filter>
    </ClCompile>
    <ClCompile Include="Core\Memory.cpp">
      <Filter>Core</Filter>
    </ClCompile>
    <ClCompile Include="Config\Config.cpp">
      <Filter>Config</Filter>
    </ClCompile>
    <ClCompile Include="Hooks\Hooks.cpp">
      <Filter>Hooks</Filter>
    </ClCompile>
    <ClCompile Include="PillarSuppress\PillarSuppress.cpp">
      <Filter>PillarSuppress</Filter>
    </ClCompile>
    <ClCompile Include="PickupSuppress\PickupSuppress.cpp">
      <Filter>PickupSuppress</Filter>
    </ClCompile>
    <ClCompile Include="Scanner\Scanner.cpp">
      <Filter>Scanner</Filter>
    </ClCompile>
    <ClCompile Include="Patterns\Patterns.cpp">
      <Filter>Patterns</Filter>
    </ClCompile>
  </ItemGroup>
  <ItemGroup>
    <None Include="Config\Config.ini">
      <Filter>Config</Filter>
    </None>
  </ItemGroup>
</Project>
